
Microsoft Visual Studio Solution File, Format Version 12.00
# Visual Studio Version 17
VisualStudioVersion = 17.1.32414.318
MinimumVisualStudioVersion = 10.0.40219.1
Project("{2150E333-8FDC-42A3-9474-1A3956D46DE8}") = "src", "src", "{81574F1F-D13E-4B44-9166-932DEDB4D780}"
EndProject
Project("{9A19103F-16F7-4668-BE54-9A1E7A4F7556}") = "VkParser.WebRequests", "src\VkParser.WebRequests\VkParser.WebRequests.csproj", "{8D6B48BC-E5EC-4B9B-8859-209CA32FF7AD}"
EndProject
Project("{FAE04EC0-301F-11D3-BF4B-00C04F79EFBC}") = "VkParser.UI.Console", "src\VkParser.UI.Console\VkParser.UI.Console.csproj", "{A4A0A557-4804-428E-A3CC-43C6D9039A1F}"
EndProject
Global
	GlobalSection(SolutionConfigurationPlatforms) = preSolution
		Debug|Any CPU = Debug|Any CPU
		Release|Any CPU = Release|Any CPU
	EndGlobalSection
	GlobalSection(ProjectConfigurationPlatforms) = postSolution
		{8D6B48BC-E5EC-4B9B-8859-209CA32FF7AD}.Debug|Any CPU.ActiveCfg = Debug|Any CPU
		{8D6B48BC-E5EC-4B9B-8859-209CA32FF7AD}.Debug|Any CPU.Build.0 = Debug|Any CPU
		{8D6B48BC-E5EC-4B9B-8859-209CA32FF7AD}.Release|Any CPU.ActiveCfg = Release|Any CPU
		{8D6B48BC-E5EC-4B9B-8859-209CA32FF7AD}.Release|Any CPU.Build.0 = Release|Any CPU
		{A4A0A557-4804-428E-A3CC-43C6D9039A1F}.Debug|Any CPU.ActiveCfg = Debug|Any CPU
		{A4A0A557-4804-428E-A3CC-43C6D9039A1F}.Debug|Any CPU.Build.0 = Debug|Any CPU
		{A4A0A557-4804-428E-A3CC-43C6D9039A1F}.Release|Any CPU.ActiveCfg = Release|Any CPU
		{A4A0A557-4804-428E-A3CC-43C6D9039A1F}.Release|Any CPU.Build.0 = Release|Any CPU
	EndGlobalSection
	GlobalSection(SolutionProperties) = preSolution
		HideSolutionNode = FALSE
	EndGlobalSection
	GlobalSection(NestedProjects) = preSolution
		{8D6B48BC-E5EC-4B9B-8859-209CA32FF7AD} = {81574F1F-D13E-4B44-9166-932DEDB4D780}
		{A4A0A557-4804-428E-A3CC-43C6D9039A1F} = {81574F1F-D13E-4B44-9166-932DEDB4D780}
	EndGlobalSection
	GlobalSection(ExtensibilityGlobals) = postSolution
		SolutionGuid = {BA2D1FD2-E8F5-42B7-9A06-E6DAC7E77179}
	EndGlobalSection
EndGlobal
