
Microsoft Visual Studio Solution File, Format Version 12.00
# Visual Studio Version 17
VisualStudioVersion = 17.1.32414.318
MinimumVisualStudioVersion = 10.0.40219.1
Project("{2150E333-8FDC-42A3-9474-1A3956D46DE8}") = "src", "src", "{81574F1F-D13E-4B44-9166-932DEDB4D780}"
EndProject
Project("{9A19103F-16F7-4668-BE54-9A1E7A4F7556}") = "VkParser", "src\VkParser.csproj", "{683C429E-36F5-43A4-8877-6B8BB36FCC3D}"
EndProject
Global
	GlobalSection(SolutionConfigurationPlatforms) = preSolution
		Debug|Any CPU = Debug|Any CPU
		Release|Any CPU = Release|Any CPU
	EndGlobalSection
	GlobalSection(ProjectConfigurationPlatforms) = postSolution
		{683C429E-36F5-43A4-8877-6B8BB36FCC3D}.Debug|Any CPU.ActiveCfg = Debug|Any CPU
		{683C429E-36F5-43A4-8877-6B8BB36FCC3D}.Debug|Any CPU.Build.0 = Debug|Any CPU
		{683C429E-36F5-43A4-8877-6B8BB36FCC3D}.Release|Any CPU.ActiveCfg = Release|Any CPU
		{683C429E-36F5-43A4-8877-6B8BB36FCC3D}.Release|Any CPU.Build.0 = Release|Any CPU
	EndGlobalSection
	GlobalSection(SolutionProperties) = preSolution
		HideSolutionNode = FALSE
	EndGlobalSection
	GlobalSection(NestedProjects) = preSolution
		{683C429E-36F5-43A4-8877-6B8BB36FCC3D} = {81574F1F-D13E-4B44-9166-932DEDB4D780}
	EndGlobalSection
	GlobalSection(ExtensibilityGlobals) = postSolution
		SolutionGuid = {BA2D1FD2-E8F5-42B7-9A06-E6DAC7E77179}
	EndGlobalSection
EndGlobal
